schema: '2.0'
stages:
  data_collection:
    cmd: python src/data_collection.py
    deps:
    - path: src/data_collection.py
      hash: md5
      md5: d6f3a614630b9c6d5909f6cabf3b89b4
      size: 1998
    params:
      params.yaml:
        data_collection.test_size: 0.2
    outs:
    - path: data/raw
      hash: md5
      md5: 934aa4a684c561faf3e7a5f19a239e96.dir
      size: 522262
      nfiles: 2
  preprocessing:
    cmd: python src/data_prep.py
    deps:
    - path: data/raw
      hash: md5
      md5: 934aa4a684c561faf3e7a5f19a239e96.dir
      size: 522262
      nfiles: 2
    - path: src/data_prep.py
      hash: md5
      md5: e287f29f3e6352fb175ab44c709187f8
      size: 1866
    outs:
    - path: data/processed
      hash: md5
      md5: 2982b3ebb64da2c28ed87f0417250ca9.dir
      size: 547045
      nfiles: 2
  model_building:
    cmd: python src/model_building.py
    deps:
    - path: data/processed
      hash: md5
      md5: 2982b3ebb64da2c28ed87f0417250ca9.dir
      size: 547045
      nfiles: 2
    - path: src/model_building.py
      hash: md5
      md5: b6efa04b22f3ecacc202328d42902615
      size: 2427
    params:
      params.yaml:
        model_building.n_estimators: 100
    outs:
    - path: model.pkl
      hash: md5
      md5: 3eeb208fb1419605c54d3e04c06a298c
      size: 7337746
  model_eval:
    cmd: python src/model_eval.py
    deps:
    - path: model.pkl
      hash: md5
      md5: 3eeb208fb1419605c54d3e04c06a298c
      size: 7337746
    - path: src/model_eval.py
      hash: md5
      md5: 6205d1712068ce784e418240fd17aec6
      size: 2508
    outs:
    - path: metrics.json
      hash: md5
      md5: 8a31b2236e2620fd31a6a567af30e494
      size: 146
